
Microsoft Visual Studio Solution File, Format Version 12.00
# Visual Studio Version 16
VisualStudioVersion = 16.0.31402.337
MinimumVisualStudioVersion = 10.0.40219.1
Project("{9A19103F-16F7-4668-BE54-9A1E7A4F7556}") = "Avanade.SubTCSE.Projeto.API", "Avanade.SubTCSE.Projeto.API\Avanade.SubTCSE.Projeto.API.csproj", "{36C4C458-60B8-4CF0-8BDB-341AB4E86204}"
EndProject
Project("{2150E333-8FDC-42A3-9474-1A3956D46DE8}") = "0-AppService", "0-AppService", "{2E66F907-DBCD-4A48-94BC-9EDEEAF14118}"
EndProject
Project("{2150E333-8FDC-42A3-9474-1A3956D46DE8}") = "1-Application", "1-Application", "{82CB0A52-17EE-4953-B4E8-CC1088E235AF}"
EndProject
Project("{2150E333-8FDC-42A3-9474-1A3956D46DE8}") = "2-Domain", "2-Domain", "{E3514828-06FF-4B99-A854-68BAA8F95AEB}"
EndProject
Project("{2150E333-8FDC-42A3-9474-1A3956D46DE8}") = "3-Infra", "3-Infra", "{D84FBA51-6C22-4963-ACBE-694D2616320F}"
EndProject
Project("{2150E333-8FDC-42A3-9474-1A3956D46DE8}") = "4-Test", "4-Test", "{A8CAE1BB-84C8-4E0A-8A55-B731DA78C5F9}"
EndProject
Project("{2150E333-8FDC-42A3-9474-1A3956D46DE8}") = "3.1-CrossCutting", "3.1-CrossCutting", "{CCBE1F3B-4600-4143-AFB6-E86C255C61E5}"
EndProject
Project("{2150E333-8FDC-42A3-9474-1A3956D46DE8}") = "3.2-Data", "3.2-Data", "{2CE888D2-19FD-4C0F-8058-8D7D1E31C88D}"
EndProject
Project("{9A19103F-16F7-4668-BE54-9A1E7A4F7556}") = "Avanade.SubTCSE.Projeto.Application", "..\Avanade.SubTCSE.Projeto.Application\Avanade.SubTCSE.Projeto.Application.csproj", "{9099E1B1-3B0F-4410-8019-96ABEBEB395D}"
EndProject
Project("{9A19103F-16F7-4668-BE54-9A1E7A4F7556}") = "Avanade.SubTCSE.Projeto.Domain", "..\Avanade.SubTCSE.Projeto.Domain\Avanade.SubTCSE.Projeto.Domain.csproj", "{4DCFB2F9-6EF9-4D4B-9BCD-229EC2058149}"
EndProject
Project("{9A19103F-16F7-4668-BE54-9A1E7A4F7556}") = "Avanade.SubTCSE.Projeto.CrossCutting", "..\Avanade.SubTCSE.Projeto.CrossCutting\Avanade.SubTCSE.Projeto.CrossCutting.csproj", "{B07F9F93-8185-4C36-A3A2-859CD1889C0F}"
EndProject
Project("{FAE04EC0-301F-11D3-BF4B-00C04F79EFBC}") = "Avanade.SubTCSE.Projeto.API.Data", "..\Avanade.SubTCSE.Projeto.API.Data\Avanade.SubTCSE.Projeto.API.Data.csproj", "{1A1E7F77-4CDB-4182-89B6-3F4120BE5445}"
EndProject
Global
	GlobalSection(SolutionConfigurationPlatforms) = preSolution
		Debug|Any CPU = Debug|Any CPU
		Release|Any CPU = Release|Any CPU
	EndGlobalSection
	GlobalSection(ProjectConfigurationPlatforms) = postSolution
		{36C4C458-60B8-4CF0-8BDB-341AB4E86204}.Debug|Any CPU.ActiveCfg = Debug|Any CPU
		{36C4C458-60B8-4CF0-8BDB-341AB4E86204}.Debug|Any CPU.Build.0 = Debug|Any CPU
		{36C4C458-60B8-4CF0-8BDB-341AB4E86204}.Release|Any CPU.ActiveCfg = Release|Any CPU
		{36C4C458-60B8-4CF0-8BDB-341AB4E86204}.Release|Any CPU.Build.0 = Release|Any CPU
		{9099E1B1-3B0F-4410-8019-96ABEBEB395D}.Debug|Any CPU.ActiveCfg = Debug|Any CPU
		{9099E1B1-3B0F-4410-8019-96ABEBEB395D}.Debug|Any CPU.Build.0 = Debug|Any CPU
		{9099E1B1-3B0F-4410-8019-96ABEBEB395D}.Release|Any CPU.ActiveCfg = Release|Any CPU
		{9099E1B1-3B0F-4410-8019-96ABEBEB395D}.Release|Any CPU.Build.0 = Release|Any CPU
		{4DCFB2F9-6EF9-4D4B-9BCD-229EC2058149}.Debug|Any CPU.ActiveCfg = Debug|Any CPU
		{4DCFB2F9-6EF9-4D4B-9BCD-229EC2058149}.Debug|Any CPU.Build.0 = Debug|Any CPU
		{4DCFB2F9-6EF9-4D4B-9BCD-229EC2058149}.Release|Any CPU.ActiveCfg = Release|Any CPU
		{4DCFB2F9-6EF9-4D4B-9BCD-229EC2058149}.Release|Any CPU.Build.0 = Release|Any CPU
		{B07F9F93-8185-4C36-A3A2-859CD1889C0F}.Debug|Any CPU.ActiveCfg = Debug|Any CPU
		{B07F9F93-8185-4C36-A3A2-859CD1889C0F}.Debug|Any CPU.Build.0 = Debug|Any CPU
		{B07F9F93-8185-4C36-A3A2-859CD1889C0F}.Release|Any CPU.ActiveCfg = Release|Any CPU
		{B07F9F93-8185-4C36-A3A2-859CD1889C0F}.Release|Any CPU.Build.0 = Release|Any CPU
		{1A1E7F77-4CDB-4182-89B6-3F4120BE5445}.Debug|Any CPU.ActiveCfg = Debug|Any CPU
		{1A1E7F77-4CDB-4182-89B6-3F4120BE5445}.Debug|Any CPU.Build.0 = Debug|Any CPU
		{1A1E7F77-4CDB-4182-89B6-3F4120BE5445}.Release|Any CPU.ActiveCfg = Release|Any CPU
		{1A1E7F77-4CDB-4182-89B6-3F4120BE5445}.Release|Any CPU.Build.0 = Release|Any CPU
	EndGlobalSection
	GlobalSection(SolutionProperties) = preSolution
		HideSolutionNode = FALSE
	EndGlobalSection
	GlobalSection(NestedProjects) = preSolution
		{36C4C458-60B8-4CF0-8BDB-341AB4E86204} = {2E66F907-DBCD-4A48-94BC-9EDEEAF14118}
		{CCBE1F3B-4600-4143-AFB6-E86C255C61E5} = {D84FBA51-6C22-4963-ACBE-694D2616320F}
		{2CE888D2-19FD-4C0F-8058-8D7D1E31C88D} = {D84FBA51-6C22-4963-ACBE-694D2616320F}
		{9099E1B1-3B0F-4410-8019-96ABEBEB395D} = {82CB0A52-17EE-4953-B4E8-CC1088E235AF}
		{4DCFB2F9-6EF9-4D4B-9BCD-229EC2058149} = {E3514828-06FF-4B99-A854-68BAA8F95AEB}
		{B07F9F93-8185-4C36-A3A2-859CD1889C0F} = {CCBE1F3B-4600-4143-AFB6-E86C255C61E5}
		{1A1E7F77-4CDB-4182-89B6-3F4120BE5445} = {2CE888D2-19FD-4C0F-8058-8D7D1E31C88D}
	EndGlobalSection
	GlobalSection(ExtensibilityGlobals) = postSolution
		SolutionGuid = {67BB9005-C8DB-4856-8FF9-DBA622393013}
	EndGlobalSection
EndGlobal
